
Microsoft Visual Studio Solution File, Format Version 12.00
# Visual Studio Version 16
VisualStudioVersion = 16.0.33214.272
MinimumVisualStudioVersion = 10.0.40219.1
Project("{FAE04EC0-301F-11D3-BF4B-00C04F79EFBC}") = "WindowsFormsApp1", "WindowsFormsApp1\WindowsFormsApp1.csproj", "{33FD3B94-A530-4D81-BFF7-6AA8308D5430}"
EndProject
Project("{FAE04EC0-301F-11D3-BF4B-00C04F79EFBC}") = "SchoolLearnTest", "SchoolLearnTest\SchoolLearnTest.csproj", "{FDAB04E7-9121-41C9-95E4-7495098DE12D}"
EndProject
Global
	GlobalSection(SolutionConfigurationPlatforms) = preSolution
		Debug|Any CPU = Debug|Any CPU
		Release|Any CPU = Release|Any CPU
	EndGlobalSection
	GlobalSection(ProjectConfigurationPlatforms) = postSolution
		{33FD3B94-A530-4D81-BFF7-6AA8308D5430}.Debug|Any CPU.ActiveCfg = Debug|Any CPU
		{33FD3B94-A530-4D81-BFF7-6AA8308D5430}.Debug|Any CPU.Build.0 = Debug|Any CPU
		{33FD3B94-A530-4D81-BFF7-6AA8308D5430}.Release|Any CPU.ActiveCfg = Release|Any CPU
		{33FD3B94-A530-4D81-BFF7-6AA8308D5430}.Release|Any CPU.Build.0 = Release|Any CPU
		{FDAB04E7-9121-41C9-95E4-7495098DE12D}.Debug|Any CPU.ActiveCfg = Debug|Any CPU
		{FDAB04E7-9121-41C9-95E4-7495098DE12D}.Debug|Any CPU.Build.0 = Debug|Any CPU
		{FDAB04E7-9121-41C9-95E4-7495098DE12D}.Release|Any CPU.ActiveCfg = Release|Any CPU
		{FDAB04E7-9121-41C9-95E4-7495098DE12D}.Release|Any CPU.Build.0 = Release|Any CPU
	EndGlobalSection
	GlobalSection(SolutionProperties) = preSolution
		HideSolutionNode = FALSE
	EndGlobalSection
	GlobalSection(ExtensibilityGlobals) = postSolution
		SolutionGuid = {00B73187-769A-41EE-B4A2-E8F2CBE2EE2C}
	EndGlobalSection
EndGlobal
